// !$*UTF8*$!
{
	archiveVersion = 1;
	classes = {
	};
	objectVersion = 56;
	objects = {

/* Begin PBXBuildFile section */
		6C081E452BAB27F400FAF88E /* main.cpp in Sources */ = {isa = PBXBuildFile; fileRef = 6C081E442BAB27F400FAF88E /* main.cpp */; };
		6C081E4D2BADABAB00FAF88E /* Vector2D.cpp in Sources */ = {isa = PBXBuildFile; fileRef = 6C081E4B2BADABAB00FAF88E /* Vector2D.cpp */; };
		6C081E502BADAC2A00FAF88E /* Vector3D.cpp in Sources */ = {isa = PBXBuildFile; fileRef = 6C081E4E2BADAC2A00FAF88E /* Vector3D.cpp */; };
		6C081E522BADBD3200FAF88E /* Vector3D_PS1.cpp in Sources */ = {isa = PBXBuildFile; fileRef = 6C081E512BADBD3200FAF88E /* Vector3D_PS1.cpp */; };
		6C081E552BADBEAE00FAF88E /* Matrix3x3.cpp in Sources */ = {isa = PBXBuildFile; fileRef = 6C081E532BADBEAE00FAF88E /* Matrix3x3.cpp */; };
		6C081E572BADBF3A00FAF88E /* Matrix3x3_PS1.cpp in Sources */ = {isa = PBXBuildFile; fileRef = 6C081E562BADBF3A00FAF88E /* Matrix3x3_PS1.cpp */; };
		6C081E5A2BADBFC700FAF88E /* Ploygon.cpp in Sources */ = {isa = PBXBuildFile; fileRef = 6C081E582BADBFC700FAF88E /* Ploygon.cpp */; };
		6C081E602BB0275900FAF88E /* Ploygon_PS1.cpp in Sources */ = {isa = PBXBuildFile; fileRef = 6C081E5F2BB0275800FAF88E /* Ploygon_PS1.cpp */; };
/* End PBXBuildFile section */

/* Begin PBXCopyFilesBuildPhase section */
		6C081E3F2BAB27F400FAF88E /* CopyFiles */ = {
			isa = PBXCopyFilesBuildPhase;
			buildActionMask = 2147483647;
			dstPath = /usr/share/man/man1/;
			dstSubfolderSpec = 0;
			files = (
			);
			runOnlyForDeploymentPostprocessing = 1;
		};
/* End PBXCopyFilesBuildPhase section */

/* Begin PBXFileReference section */
		6C081E412BAB27F400FAF88E /* problem_Sets */ = {isa = PBXFileReference; explicitFileType = "compiled.mach-o.executable"; includeInIndex = 0; path = problem_Sets; sourceTree = BUILT_PRODUCTS_DIR; };
		6C081E442BAB27F400FAF88E /* main.cpp */ = {isa = PBXFileReference; lastKnownFileType = sourcecode.cpp.cpp; path = main.cpp; sourceTree = "<group>"; };
		6C081E4B2BADABAB00FAF88E /* Vector2D.cpp */ = {isa = PBXFileReference; lastKnownFileType = sourcecode.cpp.cpp; path = Vector2D.cpp; sourceTree = "<group>"; };
		6C081E4C2BADABAB00FAF88E /* Vector2D.hpp */ = {isa = PBXFileReference; lastKnownFileType = sourcecode.cpp.h; path = Vector2D.hpp; sourceTree = "<group>"; };
		6C081E4E2BADAC2A00FAF88E /* Vector3D.cpp */ = {isa = PBXFileReference; lastKnownFileType = sourcecode.cpp.cpp; path = Vector3D.cpp; sourceTree = "<group>"; };
		6C081E4F2BADAC2A00FAF88E /* Vector3D.hpp */ = {isa = PBXFileReference; lastKnownFileType = sourcecode.cpp.h; path = Vector3D.hpp; sourceTree = "<group>"; };
		6C081E512BADBD3200FAF88E /* Vector3D_PS1.cpp */ = {isa = PBXFileReference; lastKnownFileType = sourcecode.cpp.cpp; path = Vector3D_PS1.cpp; sourceTree = "<group>"; };
		6C081E532BADBEAE00FAF88E /* Matrix3x3.cpp */ = {isa = PBXFileReference; lastKnownFileType = sourcecode.cpp.cpp; path = Matrix3x3.cpp; sourceTree = "<group>"; };
		6C081E542BADBEAE00FAF88E /* Matrix3x3.hpp */ = {isa = PBXFileReference; lastKnownFileType = sourcecode.cpp.h; path = Matrix3x3.hpp; sourceTree = "<group>"; };
		6C081E562BADBF3A00FAF88E /* Matrix3x3_PS1.cpp */ = {isa = PBXFileReference; lastKnownFileType = sourcecode.cpp.cpp; path = Matrix3x3_PS1.cpp; sourceTree = "<group>"; };
		6C081E582BADBFC700FAF88E /* Ploygon.cpp */ = {isa = PBXFileReference; lastKnownFileType = sourcecode.cpp.cpp; path = Ploygon.cpp; sourceTree = "<group>"; };
		6C081E5D2BAF0FFF00FAF88E /* Parallelogram.txt */ = {isa = PBXFileReference; lastKnownFileType = text; path = Parallelogram.txt; sourceTree = "<group>"; };
		6C081E5E2BAF112A00FAF88E /* Polygon.hpp */ = {isa = PBXFileReference; lastKnownFileType = sourcecode.cpp.h; path = Polygon.hpp; sourceTree = "<group>"; };
		6C081E5F2BB0275800FAF88E /* Ploygon_PS1.cpp */ = {isa = PBXFileReference; lastKnownFileType = sourcecode.cpp.cpp; path = Ploygon_PS1.cpp; sourceTree = "<group>"; };
		6CD79F192BB12B7A0092C962 /* Data.txt */ = {isa = PBXFileReference; fileEncoding = 4; lastKnownFileType = text; path = Data.txt; sourceTree = "<group>"; };
/* End PBXFileReference section */

/* Begin PBXFrameworksBuildPhase section */
		6C081E3E2BAB27F400FAF88E /* Frameworks */ = {
			isa = PBXFrameworksBuildPhase;
			buildActionMask = 2147483647;
			files = (
			);
			runOnlyForDeploymentPostprocessing = 0;
		};
/* End PBXFrameworksBuildPhase section */

/* Begin PBXGroup section */
		6C081E382BAB27F400FAF88E = {
			isa = PBXGroup;
			children = (
				6C081E432BAB27F400FAF88E /* problem_Sets */,
				6C081E422BAB27F400FAF88E /* Products */,
			);
			sourceTree = "<group>";
		};
		6C081E422BAB27F400FAF88E /* Products */ = {
			isa = PBXGroup;
			children = (
				6C081E412BAB27F400FAF88E /* problem_Sets */,
			);
			name = Products;
			sourceTree = "<group>";
		};
		6C081E432BAB27F400FAF88E /* problem_Sets */ = {
			isa = PBXGroup;
			children = (
				6C081E442BAB27F400FAF88E /* main.cpp */,
				6C081E4B2BADABAB00FAF88E /* Vector2D.cpp */,
				6C081E4E2BADAC2A00FAF88E /* Vector3D.cpp */,
				6C081E4F2BADAC2A00FAF88E /* Vector3D.hpp */,
				6C081E4C2BADABAB00FAF88E /* Vector2D.hpp */,
				6C081E512BADBD3200FAF88E /* Vector3D_PS1.cpp */,
				6C081E532BADBEAE00FAF88E /* Matrix3x3.cpp */,
				6C081E542BADBEAE00FAF88E /* Matrix3x3.hpp */,
				6C081E562BADBF3A00FAF88E /* Matrix3x3_PS1.cpp */,
				6C081E5F2BB0275800FAF88E /* Ploygon_PS1.cpp */,
				6C081E5E2BAF112A00FAF88E /* Polygon.hpp */,
				6C081E582BADBFC700FAF88E /* Ploygon.cpp */,
				6C081E5D2BAF0FFF00FAF88E /* Parallelogram.txt */,
				6CD79F192BB12B7A0092C962 /* Data.txt */,
			);
			path = problem_Sets;
			sourceTree = "<group>";
		};
/* End PBXGroup section */

/* Begin PBXNativeTarget section */
		6C081E402BAB27F400FAF88E /* problem_Sets */ = {
			isa = PBXNativeTarget;
			buildConfigurationList = 6C081E482BAB27F400FAF88E /* Build configuration list for PBXNativeTarget "problem_Sets" */;
			buildPhases = (
				6C081E3D2BAB27F400FAF88E /* Sources */,
				6C081E3E2BAB27F400FAF88E /* Frameworks */,
				6C081E3F2BAB27F400FAF88E /* CopyFiles */,
			);
			buildRules = (
			);
			dependencies = (
			);
			name = problem_Sets;
			productName = problem_Sets;
			productReference = 6C081E412BAB27F400FAF88E /* problem_Sets */;
			productType = "com.apple.product-type.tool";
		};
/* End PBXNativeTarget section */

/* Begin PBXProject section */
		6C081E392BAB27F400FAF88E /* Project object */ = {
			isa = PBXProject;
			attributes = {
				BuildIndependentTargetsInParallel = 1;
				LastUpgradeCheck = 1530;
				TargetAttributes = {
					6C081E402BAB27F400FAF88E = {
						CreatedOnToolsVersion = 15.3;
					};
				};
			};
			buildConfigurationList = 6C081E3C2BAB27F400FAF88E /* Build configuration list for PBXProject "problem_Sets" */;
			compatibilityVersion = "Xcode 14.0";
			developmentRegion = en;
			hasScannedForEncodings = 0;
			knownRegions = (
				en,
				Base,
			);
			mainGroup = 6C081E382BAB27F400FAF88E;
			productRefGroup = 6C081E422BAB27F400FAF88E /* Products */;
			projectDirPath = "";
			projectRoot = "";
			targets = (
				6C081E402BAB27F400FAF88E /* problem_Sets */,
			);
		};
/* End PBXProject section */

/* Begin PBXSourcesBuildPhase section */
		6C081E3D2BAB27F400FAF88E /* Sources */ = {
			isa = PBXSourcesBuildPhase;
			buildActionMask = 2147483647;
			files = (
				6C081E4D2BADABAB00FAF88E /* Vector2D.cpp in Sources */,
				6C081E452BAB27F400FAF88E /* main.cpp in Sources */,
				6C081E552BADBEAE00FAF88E /* Matrix3x3.cpp in Sources */,
				6C081E602BB0275900FAF88E /* Ploygon_PS1.cpp in Sources */,
				6C081E522BADBD3200FAF88E /* Vector3D_PS1.cpp in Sources */,
				6C081E572BADBF3A00FAF88E /* Matrix3x3_PS1.cpp in Sources */,
				6C081E502BADAC2A00FAF88E /* Vector3D.cpp in Sources */,
				6C081E5A2BADBFC700FAF88E /* Ploygon.cpp in Sources */,
			);
			runOnlyForDeploymentPostprocessing = 0;
		};
/* End PBXSourcesBuildPhase section */

/* Begin XCBuildConfiguration section */
		6C081E462BAB27F400FAF88E /* Debug */ = {
			isa = XCBuildConfiguration;
			buildSettings = {
				ALWAYS_SEARCH_USER_PATHS = NO;
				ASSETCATALOG_COMPILER_GENERATE_SWIFT_ASSET_SYMBOL_EXTENSIONS = YES;
				CLANG_ANALYZER_NONNULL = YES;
				CLANG_ANALYZER_NUMBER_OBJECT_CONVERSION = YES_AGGRESSIVE;
				CLANG_CXX_LANGUAGE_STANDARD = "gnu++20";
				CLANG_ENABLE_MODULES = YES;
				CLANG_ENABLE_OBJC_ARC = YES;
				CLANG_ENABLE_OBJC_WEAK = YES;
				CLANG_WARN_BLOCK_CAPTURE_AUTORELEASING = YES;
				CLANG_WARN_BOOL_CONVERSION = YES;
				CLANG_WARN_COMMA = YES;
				CLANG_WARN_CONSTANT_CONVERSION = YES;
				CLANG_WARN_DEPRECATED_OBJC_IMPLEMENTATIONS = YES;
				CLANG_WARN_DIRECT_OBJC_ISA_USAGE = YES_ERROR;
				CLANG_WARN_DOCUMENTATION_COMMENTS = YES;
				CLANG_WARN_EMPTY_BODY = YES;
				CLANG_WARN_ENUM_CONVERSION = YES;
				CLANG_WARN_INFINITE_RECURSION = YES;
				CLANG_WARN_INT_CONVERSION = YES;
				CLANG_WARN_NON_LITERAL_NULL_CONVERSION = YES;
				CLANG_WARN_OBJC_IMPLICIT_RETAIN_SELF = YES;
				CLANG_WARN_OBJC_LITERAL_CONVERSION = YES;
				CLANG_WARN_OBJC_ROOT_CLASS = YES_ERROR;
				CLANG_WARN_QUOTED_INCLUDE_IN_FRAMEWORK_HEADER = YES;
				CLANG_WARN_RANGE_LOOP_ANALYSIS = YES;
				CLANG_WARN_STRICT_PROTOTYPES = YES;
				CLANG_WARN_SUSPICIOUS_MOVE = YES;
				CLANG_WARN_UNGUARDED_AVAILABILITY = YES_AGGRESSIVE;
				CLANG_WARN_UNREACHABLE_CODE = YES;
				CLANG_WARN__DUPLICATE_METHOD_MATCH = YES;
				COPY_PHASE_STRIP = NO;
				DEBUG_INFORMATION_FORMAT = dwarf;
				ENABLE_STRICT_OBJC_MSGSEND = YES;
				ENABLE_TESTABILITY = YES;
				ENABLE_USER_SCRIPT_SANDBOXING = YES;
				GCC_C_LANGUAGE_STANDARD = gnu17;
				GCC_DYNAMIC_NO_PIC = NO;
				GCC_NO_COMMON_BLOCKS = YES;
				GCC_OPTIMIZATION_LEVEL = 0;
				GCC_PREPROCESSOR_DEFINITIONS = (
					"DEBUG=1",
					"$(inherited)",
				);
				GCC_WARN_64_TO_32_BIT_CONVERSION = YES;
				GCC_WARN_ABOUT_RETURN_TYPE = YES_ERROR;
				GCC_WARN_UNDECLARED_SELECTOR = YES;
				GCC_WARN_UNINITIALIZED_AUTOS = YES_AGGRESSIVE;
				GCC_WARN_UNUSED_FUNCTION = YES;
				GCC_WARN_UNUSED_VARIABLE = YES;
				LOCALIZATION_PREFERS_STRING_CATALOGS = YES;
				MACOSX_DEPLOYMENT_TARGET = 14.4;
				MTL_ENABLE_DEBUG_INFO = INCLUDE_SOURCE;
				MTL_FAST_MATH = YES;
				ONLY_ACTIVE_ARCH = YES;
				SDKROOT = macosx;
			};
			name = Debug;
		};
		6C081E472BAB27F400FAF88E /* Release */ = {
			isa = XCBuildConfiguration;
			buildSettings = {
				ALWAYS_SEARCH_USER_PATHS = NO;
				ASSETCATALOG_COMPILER_GENERATE_SWIFT_ASSET_SYMBOL_EXTENSIONS = YES;
				CLANG_ANALYZER_NONNULL = YES;
				CLANG_ANALYZER_NUMBER_OBJECT_CONVERSION = YES_AGGRESSIVE;
				CLANG_CXX_LANGUAGE_STANDARD = "gnu++20";
				CLANG_ENABLE_MODULES = YES;
				CLANG_ENABLE_OBJC_ARC = YES;
				CLANG_ENABLE_OBJC_WEAK = YES;
				CLANG_WARN_BLOCK_CAPTURE_AUTORELEASING = YES;
				CLANG_WARN_BOOL_CONVERSION = YES;
				CLANG_WARN_COMMA = YES;
				CLANG_WARN_CONSTANT_CONVERSION = YES;
				CLANG_WARN_DEPRECATED_OBJC_IMPLEMENTATIONS = YES;
				CLANG_WARN_DIRECT_OBJC_ISA_USAGE = YES_ERROR;
				CLANG_WARN_DOCUMENTATION_COMMENTS = YES;
				CLANG_WARN_EMPTY_BODY = YES;
				CLANG_WARN_ENUM_CONVERSION = YES;
				CLANG_WARN_INFINITE_RECURSION = YES;
				CLANG_WARN_INT_CONVERSION = YES;
				CLANG_WARN_NON_LITERAL_NULL_CONVERSION = YES;
				CLANG_WARN_OBJC_IMPLICIT_RETAIN_SELF = YES;
				CLANG_WARN_OBJC_LITERAL_CONVERSION = YES;
				CLANG_WARN_OBJC_ROOT_CLASS = YES_ERROR;
				CLANG_WARN_QUOTED_INCLUDE_IN_FRAMEWORK_HEADER = YES;
				CLANG_WARN_RANGE_LOOP_ANALYSIS = YES;
				CLANG_WARN_STRICT_PROTOTYPES = YES;
				CLANG_WARN_SUSPICIOUS_MOVE = YES;
				CLANG_WARN_UNGUARDED_AVAILABILITY = YES_AGGRESSIVE;
				CLANG_WARN_UNREACHABLE_CODE = YES;
				CLANG_WARN__DUPLICATE_METHOD_MATCH = YES;
				COPY_PHASE_STRIP = NO;
				DEBUG_INFORMATION_FORMAT = "dwarf-with-dsym";
				ENABLE_NS_ASSERTIONS = NO;
				ENABLE_STRICT_OBJC_MSGSEND = YES;
				ENABLE_USER_SCRIPT_SANDBOXING = YES;
				GCC_C_LANGUAGE_STANDARD = gnu17;
				GCC_NO_COMMON_BLOCKS = YES;
				GCC_WARN_64_TO_32_BIT_CONVERSION = YES;
				GCC_WARN_ABOUT_RETURN_TYPE = YES_ERROR;
				GCC_WARN_UNDECLARED_SELECTOR = YES;
				GCC_WARN_UNINITIALIZED_AUTOS = YES_AGGRESSIVE;
				GCC_WARN_UNUSED_FUNCTION = YES;
				GCC_WARN_UNUSED_VARIABLE = YES;
				LOCALIZATION_PREFERS_STRING_CATALOGS = YES;
				MACOSX_DEPLOYMENT_TARGET = 14.4;
				MTL_ENABLE_DEBUG_INFO = NO;
				MTL_FAST_MATH = YES;
				SDKROOT = macosx;
			};
			name = Release;
		};
		6C081E492BAB27F400FAF88E /* Debug */ = {
			isa = XCBuildConfiguration;
			buildSettings = {
				CODE_SIGN_STYLE = Automatic;
				PRODUCT_NAME = "$(TARGET_NAME)";
			};
			name = Debug;
		};
		6C081E4A2BAB27F400FAF88E /* Release */ = {
			isa = XCBuildConfiguration;
			buildSettings = {
				CODE_SIGN_STYLE = Automatic;
				PRODUCT_NAME = "$(TARGET_NAME)";
			};
			name = Release;
		};
/* End XCBuildConfiguration section */

/* Begin XCConfigurationList section */
		6C081E3C2BAB27F400FAF88E /* Build configuration list for PBXProject "problem_Sets" */ = {
			isa = XCConfigurationList;
			buildConfigurations = (
				6C081E462BAB27F400FAF88E /* Debug */,
				6C081E472BAB27F400FAF88E /* Release */,
			);
			defaultConfigurationIsVisible = 0;
			defaultConfigurationName = Release;
		};
		6C081E482BAB27F400FAF88E /* Build configuration list for PBXNativeTarget "problem_Sets" */ = {
			isa = XCConfigurationList;
			buildConfigurations = (
				6C081E492BAB27F400FAF88E /* Debug */,
				6C081E4A2BAB27F400FAF88E /* Release */,
			);
			defaultConfigurationIsVisible = 0;
			defaultConfigurationName = Release;
		};
/* End XCConfigurationList section */
	};
	rootObject = 6C081E392BAB27F400FAF88E /* Project object */;
}
