// !$*UTF8*$!
{
	archiveVersion = 1;
	classes = {
	};
	objectVersion = 56;
	objects = {

/* Begin PBXBuildFile section */
		6C9FBBCE2BD0BE9E0061F57B /* main.cpp in Sources */ = {isa = PBXBuildFile; fileRef = 6C9FBBCD2BD0BE9E0061F57B /* main.cpp */; };
		6C9FBBD62BD0BECA0061F57B /* FibonacciSequenceGenerator.cpp in Sources */ = {isa = PBXBuildFile; fileRef = 6C9FBBD42BD0BECA0061F57B /* FibonacciSequenceGenerator.cpp */; };
		6C9FBBD92BD0BEFB0061F57B /* FibonacciSequenceIterator.cpp in Sources */ = {isa = PBXBuildFile; fileRef = 6C9FBBD72BD0BEFB0061F57B /* FibonacciSequenceIterator.cpp */; };
/* End PBXBuildFile section */

/* Begin PBXCopyFilesBuildPhase section */
		6C9FBBC82BD0BE9E0061F57B /* CopyFiles */ = {
			isa = PBXCopyFilesBuildPhase;
			buildActionMask = 2147483647;
			dstPath = /usr/share/man/man1/;
			dstSubfolderSpec = 0;
			files = (
			);
			runOnlyForDeploymentPostprocessing = 1;
		};
/* End PBXCopyFilesBuildPhase section */

/* Begin PBXFileReference section */
		6C9FBBCA2BD0BE9E0061F57B /* problem_Set2 */ = {isa = PBXFileReference; explicitFileType = "compiled.mach-o.executable"; includeInIndex = 0; path = problem_Set2; sourceTree = BUILT_PRODUCTS_DIR; };
		6C9FBBCD2BD0BE9E0061F57B /* main.cpp */ = {isa = PBXFileReference; lastKnownFileType = sourcecode.cpp.cpp; path = main.cpp; sourceTree = "<group>"; };
		6C9FBBD42BD0BECA0061F57B /* FibonacciSequenceGenerator.cpp */ = {isa = PBXFileReference; lastKnownFileType = sourcecode.cpp.cpp; path = FibonacciSequenceGenerator.cpp; sourceTree = "<group>"; };
		6C9FBBD52BD0BECA0061F57B /* FibonacciSequenceGenerator.hpp */ = {isa = PBXFileReference; lastKnownFileType = sourcecode.cpp.h; path = FibonacciSequenceGenerator.hpp; sourceTree = "<group>"; };
		6C9FBBD72BD0BEFB0061F57B /* FibonacciSequenceIterator.cpp */ = {isa = PBXFileReference; lastKnownFileType = sourcecode.cpp.cpp; path = FibonacciSequenceIterator.cpp; sourceTree = "<group>"; };
		6C9FBBD82BD0BEFB0061F57B /* FibonacciSequenceIterator.hpp */ = {isa = PBXFileReference; lastKnownFileType = sourcecode.cpp.h; path = FibonacciSequenceIterator.hpp; sourceTree = "<group>"; };
/* End PBXFileReference section */

/* Begin PBXFrameworksBuildPhase section */
		6C9FBBC72BD0BE9E0061F57B /* Frameworks */ = {
			isa = PBXFrameworksBuildPhase;
			buildActionMask = 2147483647;
			files = (
			);
			runOnlyForDeploymentPostprocessing = 0;
		};
/* End PBXFrameworksBuildPhase section */

/* Begin PBXGroup section */
		6C9FBBC12BD0BE9E0061F57B = {
			isa = PBXGroup;
			children = (
				6C9FBBCC2BD0BE9E0061F57B /* problem_Set2 */,
				6C9FBBCB2BD0BE9E0061F57B /* Products */,
			);
			sourceTree = "<group>";
		};
		6C9FBBCB2BD0BE9E0061F57B /* Products */ = {
			isa = PBXGroup;
			children = (
				6C9FBBCA2BD0BE9E0061F57B /* problem_Set2 */,
			);
			name = Products;
			sourceTree = "<group>";
		};
		6C9FBBCC2BD0BE9E0061F57B /* problem_Set2 */ = {
			isa = PBXGroup;
			children = (
				6C9FBBCD2BD0BE9E0061F57B /* main.cpp */,
				6C9FBBD42BD0BECA0061F57B /* FibonacciSequenceGenerator.cpp */,
				6C9FBBD52BD0BECA0061F57B /* FibonacciSequenceGenerator.hpp */,
				6C9FBBD72BD0BEFB0061F57B /* FibonacciSequenceIterator.cpp */,
				6C9FBBD82BD0BEFB0061F57B /* FibonacciSequenceIterator.hpp */,
			);
			path = problem_Set2;
			sourceTree = "<group>";
		};
/* End PBXGroup section */

/* Begin PBXNativeTarget section */
		6C9FBBC92BD0BE9E0061F57B /* problem_Set2 */ = {
			isa = PBXNativeTarget;
			buildConfigurationList = 6C9FBBD12BD0BE9E0061F57B /* Build configuration list for PBXNativeTarget "problem_Set2" */;
			buildPhases = (
				6C9FBBC62BD0BE9E0061F57B /* Sources */,
				6C9FBBC72BD0BE9E0061F57B /* Frameworks */,
				6C9FBBC82BD0BE9E0061F57B /* CopyFiles */,
			);
			buildRules = (
			);
			dependencies = (
			);
			name = problem_Set2;
			productName = problem_Set2;
			productReference = 6C9FBBCA2BD0BE9E0061F57B /* problem_Set2 */;
			productType = "com.apple.product-type.tool";
		};
/* End PBXNativeTarget section */

/* Begin PBXProject section */
		6C9FBBC22BD0BE9E0061F57B /* Project object */ = {
			isa = PBXProject;
			attributes = {
				BuildIndependentTargetsInParallel = 1;
				LastUpgradeCheck = 1530;
				TargetAttributes = {
					6C9FBBC92BD0BE9E0061F57B = {
						CreatedOnToolsVersion = 15.3;
					};
				};
			};
			buildConfigurationList = 6C9FBBC52BD0BE9E0061F57B /* Build configuration list for PBXProject "problem_Set2" */;
			compatibilityVersion = "Xcode 14.0";
			developmentRegion = en;
			hasScannedForEncodings = 0;
			knownRegions = (
				en,
				Base,
			);
			mainGroup = 6C9FBBC12BD0BE9E0061F57B;
			productRefGroup = 6C9FBBCB2BD0BE9E0061F57B /* Products */;
			projectDirPath = "";
			projectRoot = "";
			targets = (
				6C9FBBC92BD0BE9E0061F57B /* problem_Set2 */,
			);
		};
/* End PBXProject section */

/* Begin PBXSourcesBuildPhase section */
		6C9FBBC62BD0BE9E0061F57B /* Sources */ = {
			isa = PBXSourcesBuildPhase;
			buildActionMask = 2147483647;
			files = (
				6C9FBBCE2BD0BE9E0061F57B /* main.cpp in Sources */,
				6C9FBBD62BD0BECA0061F57B /* FibonacciSequenceGenerator.cpp in Sources */,
				6C9FBBD92BD0BEFB0061F57B /* FibonacciSequenceIterator.cpp in Sources */,
			);
			runOnlyForDeploymentPostprocessing = 0;
		};
/* End PBXSourcesBuildPhase section */

/* Begin XCBuildConfiguration section */
		6C9FBBCF2BD0BE9E0061F57B /* Debug */ = {
			isa = XCBuildConfiguration;
			buildSettings = {
				ALWAYS_SEARCH_USER_PATHS = NO;
				ASSETCATALOG_COMPILER_GENERATE_SWIFT_ASSET_SYMBOL_EXTENSIONS = YES;
				CLANG_ANALYZER_NONNULL = YES;
				CLANG_ANALYZER_NUMBER_OBJECT_CONVERSION = YES_AGGRESSIVE;
				CLANG_CXX_LANGUAGE_STANDARD = "gnu++20";
				CLANG_ENABLE_MODULES = YES;
				CLANG_ENABLE_OBJC_ARC = YES;
				CLANG_ENABLE_OBJC_WEAK = YES;
				CLANG_WARN_BLOCK_CAPTURE_AUTORELEASING = YES;
				CLANG_WARN_BOOL_CONVERSION = YES;
				CLANG_WARN_COMMA = YES;
				CLANG_WARN_CONSTANT_CONVERSION = YES;
				CLANG_WARN_DEPRECATED_OBJC_IMPLEMENTATIONS = YES;
				CLANG_WARN_DIRECT_OBJC_ISA_USAGE = YES_ERROR;
				CLANG_WARN_DOCUMENTATION_COMMENTS = YES;
				CLANG_WARN_EMPTY_BODY = YES;
				CLANG_WARN_ENUM_CONVERSION = YES;
				CLANG_WARN_INFINITE_RECURSION = YES;
				CLANG_WARN_INT_CONVERSION = YES;
				CLANG_WARN_NON_LITERAL_NULL_CONVERSION = YES;
				CLANG_WARN_OBJC_IMPLICIT_RETAIN_SELF = YES;
				CLANG_WARN_OBJC_LITERAL_CONVERSION = YES;
				CLANG_WARN_OBJC_ROOT_CLASS = YES_ERROR;
				CLANG_WARN_QUOTED_INCLUDE_IN_FRAMEWORK_HEADER = YES;
				CLANG_WARN_RANGE_LOOP_ANALYSIS = YES;
				CLANG_WARN_STRICT_PROTOTYPES = YES;
				CLANG_WARN_SUSPICIOUS_MOVE = YES;
				CLANG_WARN_UNGUARDED_AVAILABILITY = YES_AGGRESSIVE;
				CLANG_WARN_UNREACHABLE_CODE = YES;
				CLANG_WARN__DUPLICATE_METHOD_MATCH = YES;
				COPY_PHASE_STRIP = NO;
				DEBUG_INFORMATION_FORMAT = dwarf;
				ENABLE_STRICT_OBJC_MSGSEND = YES;
				ENABLE_TESTABILITY = YES;
				ENABLE_USER_SCRIPT_SANDBOXING = YES;
				GCC_C_LANGUAGE_STANDARD = gnu17;
				GCC_DYNAMIC_NO_PIC = NO;
				GCC_NO_COMMON_BLOCKS = YES;
				GCC_OPTIMIZATION_LEVEL = 0;
				GCC_PREPROCESSOR_DEFINITIONS = (
					"DEBUG=1",
					"$(inherited)",
				);
				GCC_WARN_64_TO_32_BIT_CONVERSION = YES;
				GCC_WARN_ABOUT_RETURN_TYPE = YES_ERROR;
				GCC_WARN_UNDECLARED_SELECTOR = YES;
				GCC_WARN_UNINITIALIZED_AUTOS = YES_AGGRESSIVE;
				GCC_WARN_UNUSED_FUNCTION = YES;
				GCC_WARN_UNUSED_VARIABLE = YES;
				LOCALIZATION_PREFERS_STRING_CATALOGS = YES;
				MACOSX_DEPLOYMENT_TARGET = 14.4;
				MTL_ENABLE_DEBUG_INFO = INCLUDE_SOURCE;
				MTL_FAST_MATH = YES;
				ONLY_ACTIVE_ARCH = YES;
				SDKROOT = macosx;
			};
			name = Debug;
		};
		6C9FBBD02BD0BE9E0061F57B /* Release */ = {
			isa = XCBuildConfiguration;
			buildSettings = {
				ALWAYS_SEARCH_USER_PATHS = NO;
				ASSETCATALOG_COMPILER_GENERATE_SWIFT_ASSET_SYMBOL_EXTENSIONS = YES;
				CLANG_ANALYZER_NONNULL = YES;
				CLANG_ANALYZER_NUMBER_OBJECT_CONVERSION = YES_AGGRESSIVE;
				CLANG_CXX_LANGUAGE_STANDARD = "gnu++20";
				CLANG_ENABLE_MODULES = YES;
				CLANG_ENABLE_OBJC_ARC = YES;
				CLANG_ENABLE_OBJC_WEAK = YES;
				CLANG_WARN_BLOCK_CAPTURE_AUTORELEASING = YES;
				CLANG_WARN_BOOL_CONVERSION = YES;
				CLANG_WARN_COMMA = YES;
				CLANG_WARN_CONSTANT_CONVERSION = YES;
				CLANG_WARN_DEPRECATED_OBJC_IMPLEMENTATIONS = YES;
				CLANG_WARN_DIRECT_OBJC_ISA_USAGE = YES_ERROR;
				CLANG_WARN_DOCUMENTATION_COMMENTS = YES;
				CLANG_WARN_EMPTY_BODY = YES;
				CLANG_WARN_ENUM_CONVERSION = YES;
				CLANG_WARN_INFINITE_RECURSION = YES;
				CLANG_WARN_INT_CONVERSION = YES;
				CLANG_WARN_NON_LITERAL_NULL_CONVERSION = YES;
				CLANG_WARN_OBJC_IMPLICIT_RETAIN_SELF = YES;
				CLANG_WARN_OBJC_LITERAL_CONVERSION = YES;
				CLANG_WARN_OBJC_ROOT_CLASS = YES_ERROR;
				CLANG_WARN_QUOTED_INCLUDE_IN_FRAMEWORK_HEADER = YES;
				CLANG_WARN_RANGE_LOOP_ANALYSIS = YES;
				CLANG_WARN_STRICT_PROTOTYPES = YES;
				CLANG_WARN_SUSPICIOUS_MOVE = YES;
				CLANG_WARN_UNGUARDED_AVAILABILITY = YES_AGGRESSIVE;
				CLANG_WARN_UNREACHABLE_CODE = YES;
				CLANG_WARN__DUPLICATE_METHOD_MATCH = YES;
				COPY_PHASE_STRIP = NO;
				DEBUG_INFORMATION_FORMAT = "dwarf-with-dsym";
				ENABLE_NS_ASSERTIONS = NO;
				ENABLE_STRICT_OBJC_MSGSEND = YES;
				ENABLE_USER_SCRIPT_SANDBOXING = YES;
				GCC_C_LANGUAGE_STANDARD = gnu17;
				GCC_NO_COMMON_BLOCKS = YES;
				GCC_WARN_64_TO_32_BIT_CONVERSION = YES;
				GCC_WARN_ABOUT_RETURN_TYPE = YES_ERROR;
				GCC_WARN_UNDECLARED_SELECTOR = YES;
				GCC_WARN_UNINITIALIZED_AUTOS = YES_AGGRESSIVE;
				GCC_WARN_UNUSED_FUNCTION = YES;
				GCC_WARN_UNUSED_VARIABLE = YES;
				LOCALIZATION_PREFERS_STRING_CATALOGS = YES;
				MACOSX_DEPLOYMENT_TARGET = 14.4;
				MTL_ENABLE_DEBUG_INFO = NO;
				MTL_FAST_MATH = YES;
				SDKROOT = macosx;
			};
			name = Release;
		};
		6C9FBBD22BD0BE9E0061F57B /* Debug */ = {
			isa = XCBuildConfiguration;
			buildSettings = {
				CODE_SIGN_STYLE = Automatic;
				PRODUCT_NAME = "$(TARGET_NAME)";
			};
			name = Debug;
		};
		6C9FBBD32BD0BE9E0061F57B /* Release */ = {
			isa = XCBuildConfiguration;
			buildSettings = {
				CODE_SIGN_STYLE = Automatic;
				PRODUCT_NAME = "$(TARGET_NAME)";
			};
			name = Release;
		};
/* End XCBuildConfiguration section */

/* Begin XCConfigurationList section */
		6C9FBBC52BD0BE9E0061F57B /* Build configuration list for PBXProject "problem_Set2" */ = {
			isa = XCConfigurationList;
			buildConfigurations = (
				6C9FBBCF2BD0BE9E0061F57B /* Debug */,
				6C9FBBD02BD0BE9E0061F57B /* Release */,
			);
			defaultConfigurationIsVisible = 0;
			defaultConfigurationName = Release;
		};
		6C9FBBD12BD0BE9E0061F57B /* Build configuration list for PBXNativeTarget "problem_Set2" */ = {
			isa = XCConfigurationList;
			buildConfigurations = (
				6C9FBBD22BD0BE9E0061F57B /* Debug */,
				6C9FBBD32BD0BE9E0061F57B /* Release */,
			);
			defaultConfigurationIsVisible = 0;
			defaultConfigurationName = Release;
		};
/* End XCConfigurationList section */
	};
	rootObject = 6C9FBBC22BD0BE9E0061F57B /* Project object */;
}
